
Microsoft Visual Studio Solution File, Format Version 12.00
# Visual Studio Version 16
VisualStudioVersion = 16.0.30523.141
MinimumVisualStudioVersion = 10.0.40219.1
Project("{8BC9CEB8-8B4A-11D0-8D11-00A0C91BC942}") = "ML_고지형_1114", "ML_고지형_1114\ML_고지형_1114.vcxproj", "{331371E2-3980-4201-8155-B7516647BB33}"
EndProject
Global
	GlobalSection(SolutionConfigurationPlatforms) = preSolution
		Debug|x64 = Debug|x64
		Debug|x86 = Debug|x86
		Release|x64 = Release|x64
		Release|x86 = Release|x86
	EndGlobalSection
	GlobalSection(ProjectConfigurationPlatforms) = postSolution
		{331371E2-3980-4201-8155-B7516647BB33}.Debug|x64.ActiveCfg = Debug|x64
		{331371E2-3980-4201-8155-B7516647BB33}.Debug|x64.Build.0 = Debug|x64
		{331371E2-3980-4201-8155-B7516647BB33}.Debug|x86.ActiveCfg = Debug|Win32
		{331371E2-3980-4201-8155-B7516647BB33}.Debug|x86.Build.0 = Debug|Win32
		{331371E2-3980-4201-8155-B7516647BB33}.Release|x64.ActiveCfg = Release|x64
		{331371E2-3980-4201-8155-B7516647BB33}.Release|x64.Build.0 = Release|x64
		{331371E2-3980-4201-8155-B7516647BB33}.Release|x86.ActiveCfg = Release|Win32
		{331371E2-3980-4201-8155-B7516647BB33}.Release|x86.Build.0 = Release|Win32
	EndGlobalSection
	GlobalSection(SolutionProperties) = preSolution
		HideSolutionNode = FALSE
	EndGlobalSection
	GlobalSection(ExtensibilityGlobals) = postSolution
		SolutionGuid = {480BAAB7-B6DB-4789-B647-96F899386352}
	EndGlobalSection
EndGlobal
